
Microsoft Visual Studio Solution File, Format Version 12.00
# Visual Studio Version 17
VisualStudioVersion = 17.7.34031.279
MinimumVisualStudioVersion = 10.0.40219.1
Project("{FAE04EC0-301F-11D3-BF4B-00C04F79EFBC}") = "ConsoleApp2", "ConsoleApp2\ConsoleApp2.csproj", "{A4375712-3703-451F-A410-F431668ED1C7}"
EndProject
Global
	GlobalSection(SolutionConfigurationPlatforms) = preSolution
		Debug|Any CPU = Debug|Any CPU
		Release|Any CPU = Release|Any CPU
	EndGlobalSection
	GlobalSection(ProjectConfigurationPlatforms) = postSolution
		{A4375712-3703-451F-A410-F431668ED1C7}.Debug|Any CPU.ActiveCfg = Debug|Any CPU
		{A4375712-3703-451F-A410-F431668ED1C7}.Debug|Any CPU.Build.0 = Debug|Any CPU
		{A4375712-3703-451F-A410-F431668ED1C7}.Release|Any CPU.ActiveCfg = Release|Any CPU
		{A4375712-3703-451F-A410-F431668ED1C7}.Release|Any CPU.Build.0 = Release|Any CPU
	EndGlobalSection
	GlobalSection(SolutionProperties) = preSolution
		HideSolutionNode = FALSE
	EndGlobalSection
	GlobalSection(ExtensibilityGlobals) = postSolution
		SolutionGuid = {433C4F21-AC6A-4D41-9634-642F8C609AC9}
	EndGlobalSection
EndGlobal
